<?xml version="1.0" encoding="utf-8"?>
<Project ToolsVersion="4.0" xmlns="http://schemas.microsoft.com/developer/msbuild/2003">
  <ItemGroup>
    <Filter Include="Core">
      <UniqueIdentifier>{29eca30c-56ea-4bc0-859a-70dfa4634e4d}</UniqueIdentifier>
    </Filter>
    <Filter Include="TileMap">
      <UniqueIdentifier>{f097d59d-d4f9-4e05-b6a2-5d105a7c8308}</UniqueIdentifier>
    </Filter>
    <Filter Include="Render">
      <UniqueIdentifier>{cb32ee5e-1dc2-4402-b7c2-898713a20324}</UniqueIdentifier>
    </Filter>
    <Filter Include="HeightMap">
      <UniqueIdentifier>{b2d5cee0-3529-4e37-a800-e24a3575dea8}</UniqueIdentifier>
    </Filter>
    <Filter Include="Utility">
      <UniqueIdentifier>{96cf8985-fddc-4c0a-b95c-dcecb6585f0c}</UniqueIdentifier>
    </Filter>
  </ItemGroup>
  <ItemGroup>
    <ClCompile Include="Core\main.cpp">
      <Filter>Core</Filter>
    </ClCompile>
    <ClCompile Include="Core\MainWindow.cpp">
      <Filter>Core</Filter>
    </ClCompile>
    <ClCompile Include="Render\Camera.cpp">
      <Filter>Render</Filter>
    </ClCompile>
    <ClCompile Include="Render\Scene.cpp">
      <Filter>Render</Filter>
    </ClCompile>
    <ClCompile Include="Render\Skybox.cpp">
      <Filter>Render</Filter>
    </ClCompile>
    <ClCompile Include="HeightMap\HeightMap.cpp">
      <Filter>HeightMap</Filter>
    </ClCompile>
    <ClCompile Include="Utility\Logger.cpp">
      <Filter>Utility</Filter>
    </ClCompile>
  </ItemGroup>
  <ItemGroup>
    <ClInclude Include="Core\MainWindow.h">
      <Filter>Core</Filter>
    </ClInclude>
    <ClInclude Include="Render\Camera.h">
      <Filter>Render</Filter>
    </ClInclude>
    <ClInclude Include="Core\Common.h">
      <Filter>Core</Filter>
    </ClInclude>
    <ClInclude Include="Render\Scene.h">
      <Filter>Render</Filter>
    </ClInclude>
    <ClInclude Include="Render\Skybox.h">
      <Filter>Render</Filter>
    </ClInclude>
    <ClInclude Include="HeightMap\HeightMap.h">
      <Filter>HeightMap</Filter>
    </ClInclude>
    <ClInclude Include="Utility\dirent.h">
      <Filter>Utility</Filter>
    </ClInclude>
    <ClInclude Include="Utility\Logger.h">
      <Filter>Utility</Filter>
    </ClInclude>
    <ClInclude Include="Utility\Matrix2d.h">
      <Filter>Utility</Filter>
    </ClInclude>
  </ItemGroup>
</Project>